
Microsoft Visual Studio Solution File, Format Version 12.00
# Visual Studio Version 16
VisualStudioVersion = 16.0.28917.181
MinimumVisualStudioVersion = 10.0.40219.1
Project("{FAE04EC0-301F-11D3-BF4B-00C04F79EFBC}") = "Amaoto", "Amaoto\Amaoto.csproj", "{595495D3-6046-45F5-B486-B1161605FE6E}"
EndProject
Global
	GlobalSection(SolutionConfigurationPlatforms) = preSolution
		Debug|Any CPU = Debug|Any CPU
		Release|Any CPU = Release|Any CPU
	EndGlobalSection
	GlobalSection(ProjectConfigurationPlatforms) = postSolution
		{595495D3-6046-45F5-B486-B1161605FE6E}.Debug|Any CPU.ActiveCfg = Debug|Any CPU
		{595495D3-6046-45F5-B486-B1161605FE6E}.Debug|Any CPU.Build.0 = Debug|Any CPU
		{595495D3-6046-45F5-B486-B1161605FE6E}.Release|Any CPU.ActiveCfg = Release|Any CPU
		{595495D3-6046-45F5-B486-B1161605FE6E}.Release|Any CPU.Build.0 = Release|Any CPU
	EndGlobalSection
	GlobalSection(SolutionProperties) = preSolution
		HideSolutionNode = FALSE
	EndGlobalSection
	GlobalSection(ExtensibilityGlobals) = postSolution
		SolutionGuid = {A319D5FF-E6D4-4706-BF6A-02FE723BC494}
	EndGlobalSection
EndGlobal
